{
  "name": "node-camera-qr-reader",
  "version": "1.0.0",
  "lockfileVersion": 1,
  "requires": true,
  "dependencies": {
    "abbrev": {
      "version": "1.1.1",
      "resolved": "https://registry.npmjs.org/abbrev/-/abbrev-1.1.1.tgz",
      "integrity": "sha512-nne9/IiQ/hzIhY6pdDnbBtz7DjPTKrY00P/zvPSm5pOFkl6xuGrGnXn/VtTNNfNtAfZ9/1RtehkszU9qcTii0Q=="
    },
    "jpeg-js": {
      "version": "0.3.6",
      "resolved": "https://registry.npmjs.org/jpeg-js/-/jpeg-js-0.3.6.tgz",
      "integrity": "sha512-MUj2XlMB8kpe+8DJUGH/3UJm4XpI8XEgZQ+CiHDeyrGoKPdW/8FJv6ku+3UiYm5Fz3CWaL+iXmD8Q4Ap6aC1Jw=="
    },
    "jsqr": {
      "version": "1.2.0",
      "resolved": "https://registry.npmjs.org/jsqr/-/jsqr-1.2.0.tgz",
      "integrity": "sha512-wKcQS9QC2VHGk7aphWCp1RrFyC0CM6fMgC5prZZ2KV/Lk6OKNoCod9IR6bao+yx3KPY0gZFC5dc+h+KFzCI0Wg=="
    },
    "node-webcam": {
      "version": "0.5.0",
      "resolved": "https://registry.npmjs.org/node-webcam/-/node-webcam-0.5.0.tgz",
      "integrity": "sha512-zvPfMns7GYFn4w47EJp9snBNf+WwcKsE321op/9qhlNHtyLXRsfuZigAqd1NtmBLwFm2mZoOtEgA8jioyTbhrw==",
      "requires": {
        "nopt": "*"
      }
    },
    "nopt": {
      "version": "4.0.1",
      "resolved": "https://registry.npmjs.org/nopt/-/nopt-4.0.1.tgz",
      "integrity": "sha1-0NRoWv1UFRk8jHUFYC0NF81kR00=",
      "requires": {
        "abbrev": "1",
        "osenv": "^0.1.4"
      }
    },
    "os-homedir": {
      "version": "1.0.2",
      "resolved": "https://registry.npmjs.org/os-homedir/-/os-homedir-1.0.2.tgz",
      "integrity": "sha1-/7xJiDNuDoM94MFox+8VISGqf7M="
    },
    "os-tmpdir": {
      "version": "1.0.2",
      "resolved": "https://registry.npmjs.org/os-tmpdir/-/os-tmpdir-1.0.2.tgz",
      "integrity": "sha1-u+Z0BseaqFxc/sdm/lc0VV36EnQ="
    },
    "osenv": {
      "version": "0.1.5",
      "resolved": "https://registry.npmjs.org/osenv/-/osenv-0.1.5.tgz",
      "integrity": "sha512-0CWcCECdMVc2Rw3U5w9ZjqX6ga6ubk1xDVKxtBQPK7wis/0F2r9T6k4ydGYhecl7YUBxBVxhL5oisPsNxAPe2g==",
      "requires": {
        "os-homedir": "^1.0.0",
        "os-tmpdir": "^1.0.0"
      }
    }
  }
}
